
Microsoft Visual Studio Solution File, Format Version 12.00
# Visual Studio Version 17
VisualStudioVersion = 17.7.34018.315
MinimumVisualStudioVersion = 10.0.40219.1
Project("{9A19103F-16F7-4668-BE54-9A1E7A4F7556}") = "AdventOfCode2023", "AdventOfCode2023\AdventOfCode2023.csproj", "{3B0BE3C6-16B4-4779-82E8-72AD1AEB74F5}"
EndProject
Project("{2150E333-8FDC-42A3-9474-1A3956D46DE8}") = "Solution Items", "Solution Items", "{BD53E27A-38DE-4F35-8021-55BFB689DD06}"
	ProjectSection(SolutionItems) = preProject
		README.md = README.md
	EndProjectSection
EndProject
Global
	GlobalSection(SolutionConfigurationPlatforms) = preSolution
		Debug|Any CPU = Debug|Any CPU
		Release|Any CPU = Release|Any CPU
	EndGlobalSection
	GlobalSection(ProjectConfigurationPlatforms) = postSolution
		{3B0BE3C6-16B4-4779-82E8-72AD1AEB74F5}.Debug|Any CPU.ActiveCfg = Debug|Any CPU
		{3B0BE3C6-16B4-4779-82E8-72AD1AEB74F5}.Debug|Any CPU.Build.0 = Debug|Any CPU
		{3B0BE3C6-16B4-4779-82E8-72AD1AEB74F5}.Release|Any CPU.ActiveCfg = Release|Any CPU
		{3B0BE3C6-16B4-4779-82E8-72AD1AEB74F5}.Release|Any CPU.Build.0 = Release|Any CPU
	EndGlobalSection
	GlobalSection(SolutionProperties) = preSolution
		HideSolutionNode = FALSE
	EndGlobalSection
	GlobalSection(ExtensibilityGlobals) = postSolution
		SolutionGuid = {FCA04894-F86E-4481-8201-C7EC414C0584}
	EndGlobalSection
EndGlobal
